
Microsoft Visual Studio Solution File, Format Version 12.00
# Visual Studio Version 17
VisualStudioVersion = 17.1.32407.343
MinimumVisualStudioVersion = 10.0.40219.1
Project("{FAE04EC0-301F-11D3-BF4B-00C04F79EFBC}") = "LightningAlert", "LightningAlert\LightningAlert.csproj", "{C1E7E119-058D-4B0F-A190-64FC2CC84830}"
EndProject
Project("{FAE04EC0-301F-11D3-BF4B-00C04F79EFBC}") = "LightningAlert.UnitTests", "LightningAlert.UnitTests\LightningAlert.UnitTests.csproj", "{C5C49776-77AC-4F42-A268-267605215A6E}"
EndProject
Global
	GlobalSection(SolutionConfigurationPlatforms) = preSolution
		Debug|Any CPU = Debug|Any CPU
		Release|Any CPU = Release|Any CPU
	EndGlobalSection
	GlobalSection(ProjectConfigurationPlatforms) = postSolution
		{C1E7E119-058D-4B0F-A190-64FC2CC84830}.Debug|Any CPU.ActiveCfg = Debug|Any CPU
		{C1E7E119-058D-4B0F-A190-64FC2CC84830}.Debug|Any CPU.Build.0 = Debug|Any CPU
		{C1E7E119-058D-4B0F-A190-64FC2CC84830}.Release|Any CPU.ActiveCfg = Release|Any CPU
		{C1E7E119-058D-4B0F-A190-64FC2CC84830}.Release|Any CPU.Build.0 = Release|Any CPU
		{C5C49776-77AC-4F42-A268-267605215A6E}.Debug|Any CPU.ActiveCfg = Debug|Any CPU
		{C5C49776-77AC-4F42-A268-267605215A6E}.Debug|Any CPU.Build.0 = Debug|Any CPU
		{C5C49776-77AC-4F42-A268-267605215A6E}.Release|Any CPU.ActiveCfg = Release|Any CPU
		{C5C49776-77AC-4F42-A268-267605215A6E}.Release|Any CPU.Build.0 = Release|Any CPU
	EndGlobalSection
	GlobalSection(SolutionProperties) = preSolution
		HideSolutionNode = FALSE
	EndGlobalSection
	GlobalSection(ExtensibilityGlobals) = postSolution
		SolutionGuid = {1106CB4F-56EE-4C10-814A-C0FF1B574991}
	EndGlobalSection
EndGlobal
